
Microsoft Visual Studio Solution File, Format Version 12.00
# Visual Studio Version 17
VisualStudioVersion = 17.9.34728.123
MinimumVisualStudioVersion = 10.0.40219.1
Project("{FAE04EC0-301F-11D3-BF4B-00C04F79EFBC}") = "ConsoleApp2", "ConsoleApp2.csproj", "{E669B501-6429-44AB-9E4B-B5115604E376}"
EndProject
Global
	GlobalSection(SolutionConfigurationPlatforms) = preSolution
		Debug|Any CPU = Debug|Any CPU
		Release|Any CPU = Release|Any CPU
	EndGlobalSection
	GlobalSection(ProjectConfigurationPlatforms) = postSolution
		{E669B501-6429-44AB-9E4B-B5115604E376}.Debug|Any CPU.ActiveCfg = Debug|Any CPU
		{E669B501-6429-44AB-9E4B-B5115604E376}.Debug|Any CPU.Build.0 = Debug|Any CPU
		{E669B501-6429-44AB-9E4B-B5115604E376}.Release|Any CPU.ActiveCfg = Release|Any CPU
		{E669B501-6429-44AB-9E4B-B5115604E376}.Release|Any CPU.Build.0 = Release|Any CPU
	EndGlobalSection
	GlobalSection(SolutionProperties) = preSolution
		HideSolutionNode = FALSE
	EndGlobalSection
	GlobalSection(ExtensibilityGlobals) = postSolution
		SolutionGuid = {5B58B54E-4CBA-46A8-BEA5-51D5227A4EFD}
	EndGlobalSection
EndGlobal
